
Microsoft Visual Studio Solution File, Format Version 12.00
# Visual Studio Version 16
VisualStudioVersion = 16.0.31410.357
MinimumVisualStudioVersion = 10.0.40219.1
Project("{FAE04EC0-301F-11D3-BF4B-00C04F79EFBC}") = "E_Polling_Web_Application", "E_Polling_Web_Application\E_Polling_Web_Application.csproj", "{9240A4BD-FE86-40C4-8232-03B565611A27}"
EndProject
Global
	GlobalSection(SolutionConfigurationPlatforms) = preSolution
		Debug|Any CPU = Debug|Any CPU
		Release|Any CPU = Release|Any CPU
	EndGlobalSection
	GlobalSection(ProjectConfigurationPlatforms) = postSolution
		{9240A4BD-FE86-40C4-8232-03B565611A27}.Debug|Any CPU.ActiveCfg = Debug|Any CPU
		{9240A4BD-FE86-40C4-8232-03B565611A27}.Debug|Any CPU.Build.0 = Debug|Any CPU
		{9240A4BD-FE86-40C4-8232-03B565611A27}.Release|Any CPU.ActiveCfg = Release|Any CPU
		{9240A4BD-FE86-40C4-8232-03B565611A27}.Release|Any CPU.Build.0 = Release|Any CPU
	EndGlobalSection
	GlobalSection(SolutionProperties) = preSolution
		HideSolutionNode = FALSE
	EndGlobalSection
	GlobalSection(ExtensibilityGlobals) = postSolution
		SolutionGuid = {5FB38916-0D49-49D7-A084-618862219C3E}
	EndGlobalSection
EndGlobal
